// !$*UTF8*$!
{
	archiveVersion = 1;
	classes = {
	};
	objectVersion = 77;
	objects = {

/* Begin PBXBuildFile section */
		2C920A742E38274A00489483 /* Intro.swift in Sources */ = {isa = PBXBuildFile; fileRef = 2C920A732E38274A00489483 /* Intro.swift */; };
		2C920A782E38275D00489483 /* Onboard_3.swift in Sources */ = {isa = PBXBuildFile; fileRef = 2C920A772E38275D00489483 /* Onboard_3.swift */; };
		2C920A792E38275D00489483 /* Onboard_2.swift in Sources */ = {isa = PBXBuildFile; fileRef = 2C920A762E38275D00489483 /* Onboard_2.swift */; };
		2C920A7A2E38275D00489483 /* Onboard_1.swift in Sources */ = {isa = PBXBuildFile; fileRef = 2C920A752E38275D00489483 /* Onboard_1.swift */; };
		2C920A7D2E3827DB00489483 /* Main.swift in Sources */ = {isa = PBXBuildFile; fileRef = 2C920A7C2E3827DB00489483 /* Main.swift */; };
		2C920A802E382F9300489483 /* NavigationManager.swift in Sources */ = {isa = PBXBuildFile; fileRef = 2C920A7F2E382F9300489483 /* NavigationManager.swift */; };
		2C920A822E38358500489483 /* TabBar.swift in Sources */ = {isa = PBXBuildFile; fileRef = 2C920A812E38358500489483 /* TabBar.swift */; };
		2C920A862E38359300489483 /* Modifiers.swift in Sources */ = {isa = PBXBuildFile; fileRef = 2C920A842E38359300489483 /* Modifiers.swift */; };
		2C920A872E38359300489483 /* RoundedCorner.swift in Sources */ = {isa = PBXBuildFile; fileRef = 2C920A832E38359300489483 /* RoundedCorner.swift */; };
		2C920A892E3835DC00489483 /* Settings.swift in Sources */ = {isa = PBXBuildFile; fileRef = 2C920A882E3835DC00489483 /* Settings.swift */; };
		2C920A8C2E3835EF00489483 /* Report.swift in Sources */ = {isa = PBXBuildFile; fileRef = 2C920A8B2E3835EF00489483 /* Report.swift */; };
		2C920A8F2E38361400489483 /* Root.swift in Sources */ = {isa = PBXBuildFile; fileRef = 2C920A8E2E38361400489483 /* Root.swift */; };
		2C9C84502E3780020056D449 /* GenderSegmentControl.swift in Sources */ = {isa = PBXBuildFile; fileRef = 2C9C844F2E3780020056D449 /* GenderSegmentControl.swift */; };
		2C9C84542E37859C0056D449 /* Card.swift in Sources */ = {isa = PBXBuildFile; fileRef = 2C9C84532E37859C0056D449 /* Card.swift */; };
		2C9C84562E3785D40056D449 /* CardData.swift in Sources */ = {isa = PBXBuildFile; fileRef = 2C9C84552E3785D40056D449 /* CardData.swift */; };
		2C9C84582E378A550056D449 /* CardGrid.swift in Sources */ = {isa = PBXBuildFile; fileRef = 2C9C84572E378A550056D449 /* CardGrid.swift */; };
		2C9C845A2E378ADE0056D449 /* OnBoarding.swift in Sources */ = {isa = PBXBuildFile; fileRef = 2C9C84592E378ADE0056D449 /* OnBoarding.swift */; };
		2C9C84602E378B3E0056D449 /* ButtonPrimary.swift in Sources */ = {isa = PBXBuildFile; fileRef = 2C9C845F2E378B3E0056D449 /* ButtonPrimary.swift */; };
		2CAA5EE72E376F2E00075A04 /* Assets.xcassets in Resources */ = {isa = PBXBuildFile; fileRef = 2CAA5EE32E376F2E00075A04 /* Assets.xcassets */; };
		2CAA5EE82E376F2E00075A04 /* ContentView.swift in Sources */ = {isa = PBXBuildFile; fileRef = 2CAA5EE42E376F2E00075A04 /* ContentView.swift */; };
		2CAA5EE92E376F2E00075A04 /* QuangAnh2405App.swift in Sources */ = {isa = PBXBuildFile; fileRef = 2CAA5EE52E376F2E00075A04 /* QuangAnh2405App.swift */; };
		2CAA5EED2E376F5900075A04 /* CustomTF.swift in Sources */ = {isa = PBXBuildFile; fileRef = 2CAA5EEC2E376F5900075A04 /* CustomTF.swift */; };
		2CAA5EF02E37709A00075A04 /* UserData.swift in Sources */ = {isa = PBXBuildFile; fileRef = 2CAA5EEF2E37709A00075A04 /* UserData.swift */; };
		2CAA5EF32E37712100075A04 /* InsertProfile.swift in Sources */ = {isa = PBXBuildFile; fileRef = 2CAA5EF22E37712100075A04 /* InsertProfile.swift */; };
		2CAA5EF52E37712800075A04 /* Profile.swift in Sources */ = {isa = PBXBuildFile; fileRef = 2CAA5EF42E37712800075A04 /* Profile.swift */; };
/* End PBXBuildFile section */

/* Begin PBXFileReference section */
		2C920A732E38274A00489483 /* Intro.swift */ = {isa = PBXFileReference; lastKnownFileType = sourcecode.swift; path = Intro.swift; sourceTree = "<group>"; };
		2C920A752E38275D00489483 /* Onboard_1.swift */ = {isa = PBXFileReference; lastKnownFileType = sourcecode.swift; path = Onboard_1.swift; sourceTree = "<group>"; };
		2C920A762E38275D00489483 /* Onboard_2.swift */ = {isa = PBXFileReference; lastKnownFileType = sourcecode.swift; path = Onboard_2.swift; sourceTree = "<group>"; };
		2C920A772E38275D00489483 /* Onboard_3.swift */ = {isa = PBXFileReference; lastKnownFileType = sourcecode.swift; path = Onboard_3.swift; sourceTree = "<group>"; };
		2C920A7C2E3827DB00489483 /* Main.swift */ = {isa = PBXFileReference; lastKnownFileType = sourcecode.swift; path = Main.swift; sourceTree = "<group>"; };
		2C920A7F2E382F9300489483 /* NavigationManager.swift */ = {isa = PBXFileReference; lastKnownFileType = sourcecode.swift; path = NavigationManager.swift; sourceTree = "<group>"; };
		2C920A812E38358500489483 /* TabBar.swift */ = {isa = PBXFileReference; lastKnownFileType = sourcecode.swift; path = TabBar.swift; sourceTree = "<group>"; };
		2C920A832E38359300489483 /* RoundedCorner.swift */ = {isa = PBXFileReference; lastKnownFileType = sourcecode.swift; path = RoundedCorner.swift; sourceTree = "<group>"; };
		2C920A842E38359300489483 /* Modifiers.swift */ = {isa = PBXFileReference; lastKnownFileType = sourcecode.swift; path = Modifiers.swift; sourceTree = "<group>"; };
		2C920A882E3835DC00489483 /* Settings.swift */ = {isa = PBXFileReference; lastKnownFileType = sourcecode.swift; path = Settings.swift; sourceTree = "<group>"; };
		2C920A8B2E3835EF00489483 /* Report.swift */ = {isa = PBXFileReference; lastKnownFileType = sourcecode.swift; path = Report.swift; sourceTree = "<group>"; };
		2C920A8E2E38361400489483 /* Root.swift */ = {isa = PBXFileReference; lastKnownFileType = sourcecode.swift; path = Root.swift; sourceTree = "<group>"; };
		2C9C844F2E3780020056D449 /* GenderSegmentControl.swift */ = {isa = PBXFileReference; lastKnownFileType = sourcecode.swift; path = GenderSegmentControl.swift; sourceTree = "<group>"; };
		2C9C84532E37859C0056D449 /* Card.swift */ = {isa = PBXFileReference; lastKnownFileType = sourcecode.swift; path = Card.swift; sourceTree = "<group>"; };
		2C9C84552E3785D40056D449 /* CardData.swift */ = {isa = PBXFileReference; lastKnownFileType = sourcecode.swift; path = CardData.swift; sourceTree = "<group>"; };
		2C9C84572E378A550056D449 /* CardGrid.swift */ = {isa = PBXFileReference; lastKnownFileType = sourcecode.swift; path = CardGrid.swift; sourceTree = "<group>"; };
		2C9C84592E378ADE0056D449 /* OnBoarding.swift */ = {isa = PBXFileReference; lastKnownFileType = sourcecode.swift; path = OnBoarding.swift; sourceTree = "<group>"; };
		2C9C845F2E378B3E0056D449 /* ButtonPrimary.swift */ = {isa = PBXFileReference; lastKnownFileType = sourcecode.swift; path = ButtonPrimary.swift; sourceTree = "<group>"; };
		2CAA5ED42E376E1600075A04 /* QuangAnh2405.app */ = {isa = PBXFileReference; explicitFileType = wrapper.application; includeInIndex = 0; path = QuangAnh2405.app; sourceTree = BUILT_PRODUCTS_DIR; };
		2CAA5EE32E376F2E00075A04 /* Assets.xcassets */ = {isa = PBXFileReference; lastKnownFileType = folder.assetcatalog; path = Assets.xcassets; sourceTree = "<group>"; };
		2CAA5EE42E376F2E00075A04 /* ContentView.swift */ = {isa = PBXFileReference; lastKnownFileType = sourcecode.swift; path = ContentView.swift; sourceTree = "<group>"; };
		2CAA5EE52E376F2E00075A04 /* QuangAnh2405App.swift */ = {isa = PBXFileReference; lastKnownFileType = sourcecode.swift; path = QuangAnh2405App.swift; sourceTree = "<group>"; };
		2CAA5EEC2E376F5900075A04 /* CustomTF.swift */ = {isa = PBXFileReference; lastKnownFileType = sourcecode.swift; path = CustomTF.swift; sourceTree = "<group>"; };
		2CAA5EEF2E37709A00075A04 /* UserData.swift */ = {isa = PBXFileReference; lastKnownFileType = sourcecode.swift; path = UserData.swift; sourceTree = "<group>"; };
		2CAA5EF22E37712100075A04 /* InsertProfile.swift */ = {isa = PBXFileReference; lastKnownFileType = sourcecode.swift; path = InsertProfile.swift; sourceTree = "<group>"; };
		2CAA5EF42E37712800075A04 /* Profile.swift */ = {isa = PBXFileReference; lastKnownFileType = sourcecode.swift; path = Profile.swift; sourceTree = "<group>"; };
/* End PBXFileReference section */

/* Begin PBXFrameworksBuildPhase section */
		2CAA5ED12E376E1600075A04 /* Frameworks */ = {
			isa = PBXFrameworksBuildPhase;
			buildActionMask = 2147483647;
			files = (
			);
			runOnlyForDeploymentPostprocessing = 0;
		};
/* End PBXFrameworksBuildPhase section */

/* Begin PBXGroup section */
		2C920A722E38273200489483 /* Onboard */ = {
			isa = PBXGroup;
			children = (
				2C920A752E38275D00489483 /* Onboard_1.swift */,
				2C920A762E38275D00489483 /* Onboard_2.swift */,
				2C920A772E38275D00489483 /* Onboard_3.swift */,
				2C920A732E38274A00489483 /* Intro.swift */,
			);
			path = Onboard;
			sourceTree = "<group>";
		};
		2C920A7B2E3827B900489483 /* Report */ = {
			isa = PBXGroup;
			children = (
				2C920A8B2E3835EF00489483 /* Report.swift */,
			);
			path = Report;
			sourceTree = "<group>";
		};
		2C920A7E2E382F8300489483 /* Manager */ = {
			isa = PBXGroup;
			children = (
				2C920A7F2E382F9300489483 /* NavigationManager.swift */,
			);
			path = Manager;
			sourceTree = "<group>";
		};
		2C920A852E38359300489483 /* Extensions */ = {
			isa = PBXGroup;
			children = (
				2C920A832E38359300489483 /* RoundedCorner.swift */,
				2C920A842E38359300489483 /* Modifiers.swift */,
			);
			path = Extensions;
			sourceTree = "<group>";
		};
		2C920A8D2E3835FF00489483 /* Main */ = {
			isa = PBXGroup;
			children = (
				2C920A8E2E38361400489483 /* Root.swift */,
				2C920A7C2E3827DB00489483 /* Main.swift */,
				2C9C845D2E378AEE0056D449 /* Settings */,
				2C920A7B2E3827B900489483 /* Report */,
			);
			path = Main;
			sourceTree = "<group>";
		};
		2C9C84512E37857F0056D449 /* Insert */ = {
			isa = PBXGroup;
			children = (
				2CAA5EEC2E376F5900075A04 /* CustomTF.swift */,
				2C9C844F2E3780020056D449 /* GenderSegmentControl.swift */,
			);
			path = Insert;
			sourceTree = "<group>";
		};
		2C9C84522E37858F0056D449 /* Onboarding */ = {
			isa = PBXGroup;
			children = (
				2C9C84532E37859C0056D449 /* Card.swift */,
				2C9C84572E378A550056D449 /* CardGrid.swift */,
			);
			path = Onboarding;
			sourceTree = "<group>";
		};
		2C9C845B2E378AE20056D449 /* Onboarding */ = {
			isa = PBXGroup;
			children = (
				2C920A722E38273200489483 /* Onboard */,
				2C9C84592E378ADE0056D449 /* OnBoarding.swift */,
			);
			path = Onboarding;
			sourceTree = "<group>";
		};
		2C9C845D2E378AEE0056D449 /* Settings */ = {
			isa = PBXGroup;
			children = (
				2C920A882E3835DC00489483 /* Settings.swift */,
				2C9C845E2E378AFF0056D449 /* Profile */,
			);
			path = Settings;
			sourceTree = "<group>";
		};
		2C9C845E2E378AFF0056D449 /* Profile */ = {
			isa = PBXGroup;
			children = (
				2CAA5EF22E37712100075A04 /* InsertProfile.swift */,
				2CAA5EF42E37712800075A04 /* Profile.swift */,
			);
			path = Profile;
			sourceTree = "<group>";
		};
		2CAA5ECB2E376E1600075A04 = {
			isa = PBXGroup;
			children = (
				2CAA5EE62E376F2E00075A04 /* QuangAnh2405 */,
				2CAA5ED52E376E1600075A04 /* Products */,
			);
			sourceTree = "<group>";
		};
		2CAA5ED52E376E1600075A04 /* Products */ = {
			isa = PBXGroup;
			children = (
				2CAA5ED42E376E1600075A04 /* QuangAnh2405.app */,
			);
			name = Products;
			sourceTree = "<group>";
		};
		2CAA5EE62E376F2E00075A04 /* QuangAnh2405 */ = {
			isa = PBXGroup;
			children = (
				2C920A7E2E382F8300489483 /* Manager */,
				2CAA5EF12E37711400075A04 /* Views */,
				2CAA5EEE2E37708400075A04 /* Model */,
				2CAA5EEB2E376F3F00075A04 /* Components */,
				2CAA5EEA2E376F3300075A04 /* Resources */,
				2C920A852E38359300489483 /* Extensions */,
				2CAA5EE42E376F2E00075A04 /* ContentView.swift */,
				2CAA5EE52E376F2E00075A04 /* QuangAnh2405App.swift */,
			);
			path = QuangAnh2405;
			sourceTree = "<group>";
		};
		2CAA5EEA2E376F3300075A04 /* Resources */ = {
			isa = PBXGroup;
			children = (
				2CAA5EE32E376F2E00075A04 /* Assets.xcassets */,
			);
			path = Resources;
			sourceTree = "<group>";
		};
		2CAA5EEB2E376F3F00075A04 /* Components */ = {
			isa = PBXGroup;
			children = (
				2C920A812E38358500489483 /* TabBar.swift */,
				2C9C845F2E378B3E0056D449 /* ButtonPrimary.swift */,
				2C9C84522E37858F0056D449 /* Onboarding */,
				2C9C84512E37857F0056D449 /* Insert */,
			);
			path = Components;
			sourceTree = "<group>";
		};
		2CAA5EEE2E37708400075A04 /* Model */ = {
			isa = PBXGroup;
			children = (
				2CAA5EEF2E37709A00075A04 /* UserData.swift */,
				2C9C84552E3785D40056D449 /* CardData.swift */,
			);
			path = Model;
			sourceTree = "<group>";
		};
		2CAA5EF12E37711400075A04 /* Views */ = {
			isa = PBXGroup;
			children = (
				2C920A8D2E3835FF00489483 /* Main */,
				2C9C845B2E378AE20056D449 /* Onboarding */,
			);
			path = Views;
			sourceTree = "<group>";
		};
/* End PBXGroup section */

/* Begin PBXNativeTarget section */
		2CAA5ED32E376E1600075A04 /* QuangAnh2405 */ = {
			isa = PBXNativeTarget;
			buildConfigurationList = 2CAA5EDF2E376E1800075A04 /* Build configuration list for PBXNativeTarget "QuangAnh2405" */;
			buildPhases = (
				2CAA5ED02E376E1600075A04 /* Sources */,
				2CAA5ED12E376E1600075A04 /* Frameworks */,
				2CAA5ED22E376E1600075A04 /* Resources */,
			);
			buildRules = (
			);
			dependencies = (
			);
			name = QuangAnh2405;
			packageProductDependencies = (
			);
			productName = QuangAnh2405;
			productReference = 2CAA5ED42E376E1600075A04 /* QuangAnh2405.app */;
			productType = "com.apple.product-type.application";
		};
/* End PBXNativeTarget section */

/* Begin PBXProject section */
		2CAA5ECC2E376E1600075A04 /* Project object */ = {
			isa = PBXProject;
			attributes = {
				BuildIndependentTargetsInParallel = 1;
				LastSwiftUpdateCheck = 1640;
				LastUpgradeCheck = 1640;
				TargetAttributes = {
					2CAA5ED32E376E1600075A04 = {
						CreatedOnToolsVersion = 16.4;
					};
				};
			};
			buildConfigurationList = 2CAA5ECF2E376E1600075A04 /* Build configuration list for PBXProject "QuangAnh2405" */;
			developmentRegion = en;
			hasScannedForEncodings = 0;
			knownRegions = (
				en,
				Base,
			);
			mainGroup = 2CAA5ECB2E376E1600075A04;
			minimizedProjectReferenceProxies = 1;
			preferredProjectObjectVersion = 77;
			productRefGroup = 2CAA5ED52E376E1600075A04 /* Products */;
			projectDirPath = "";
			projectRoot = "";
			targets = (
				2CAA5ED32E376E1600075A04 /* QuangAnh2405 */,
			);
		};
/* End PBXProject section */

/* Begin PBXResourcesBuildPhase section */
		2CAA5ED22E376E1600075A04 /* Resources */ = {
			isa = PBXResourcesBuildPhase;
			buildActionMask = 2147483647;
			files = (
				2CAA5EE72E376F2E00075A04 /* Assets.xcassets in Resources */,
			);
			runOnlyForDeploymentPostprocessing = 0;
		};
/* End PBXResourcesBuildPhase section */

/* Begin PBXSourcesBuildPhase section */
		2CAA5ED02E376E1600075A04 /* Sources */ = {
			isa = PBXSourcesBuildPhase;
			buildActionMask = 2147483647;
			files = (
				2CAA5EF32E37712100075A04 /* InsertProfile.swift in Sources */,
				2C9C84582E378A550056D449 /* CardGrid.swift in Sources */,
				2C920A822E38358500489483 /* TabBar.swift in Sources */,
				2C9C84502E3780020056D449 /* GenderSegmentControl.swift in Sources */,
				2CAA5EF52E37712800075A04 /* Profile.swift in Sources */,
				2CAA5EE82E376F2E00075A04 /* ContentView.swift in Sources */,
				2C920A7D2E3827DB00489483 /* Main.swift in Sources */,
				2C920A742E38274A00489483 /* Intro.swift in Sources */,
				2C920A862E38359300489483 /* Modifiers.swift in Sources */,
				2C920A8C2E3835EF00489483 /* Report.swift in Sources */,
				2C920A872E38359300489483 /* RoundedCorner.swift in Sources */,
				2C920A802E382F9300489483 /* NavigationManager.swift in Sources */,
				2CAA5EE92E376F2E00075A04 /* QuangAnh2405App.swift in Sources */,
				2C9C84602E378B3E0056D449 /* ButtonPrimary.swift in Sources */,
				2C920A782E38275D00489483 /* Onboard_3.swift in Sources */,
				2C920A792E38275D00489483 /* Onboard_2.swift in Sources */,
				2C920A7A2E38275D00489483 /* Onboard_1.swift in Sources */,
				2C920A8F2E38361400489483 /* Root.swift in Sources */,
				2CAA5EF02E37709A00075A04 /* UserData.swift in Sources */,
				2C9C84562E3785D40056D449 /* CardData.swift in Sources */,
				2CAA5EED2E376F5900075A04 /* CustomTF.swift in Sources */,
				2C9C84542E37859C0056D449 /* Card.swift in Sources */,
				2C920A892E3835DC00489483 /* Settings.swift in Sources */,
				2C9C845A2E378ADE0056D449 /* OnBoarding.swift in Sources */,
			);
			runOnlyForDeploymentPostprocessing = 0;
		};
/* End PBXSourcesBuildPhase section */

/* Begin XCBuildConfiguration section */
		2CAA5EDD2E376E1800075A04 /* Debug */ = {
			isa = XCBuildConfiguration;
			buildSettings = {
				ALWAYS_SEARCH_USER_PATHS = NO;
				ASSETCATALOG_COMPILER_GENERATE_SWIFT_ASSET_SYMBOL_EXTENSIONS = YES;
				CLANG_ANALYZER_NONNULL = YES;
				CLANG_ANALYZER_NUMBER_OBJECT_CONVERSION = YES_AGGRESSIVE;
				CLANG_CXX_LANGUAGE_STANDARD = "gnu++20";
				CLANG_ENABLE_MODULES = YES;
				CLANG_ENABLE_OBJC_ARC = YES;
				CLANG_ENABLE_OBJC_WEAK = YES;
				CLANG_WARN_BLOCK_CAPTURE_AUTORELEASING = YES;
				CLANG_WARN_BOOL_CONVERSION = YES;
				CLANG_WARN_COMMA = YES;
				CLANG_WARN_CONSTANT_CONVERSION = YES;
				CLANG_WARN_DEPRECATED_OBJC_IMPLEMENTATIONS = YES;
				CLANG_WARN_DIRECT_OBJC_ISA_USAGE = YES_ERROR;
				CLANG_WARN_DOCUMENTATION_COMMENTS = YES;
				CLANG_WARN_EMPTY_BODY = YES;
				CLANG_WARN_ENUM_CONVERSION = YES;
				CLANG_WARN_INFINITE_RECURSION = YES;
				CLANG_WARN_INT_CONVERSION = YES;
				CLANG_WARN_NON_LITERAL_NULL_CONVERSION = YES;
				CLANG_WARN_OBJC_IMPLICIT_RETAIN_SELF = YES;
				CLANG_WARN_OBJC_LITERAL_CONVERSION = YES;
				CLANG_WARN_OBJC_ROOT_CLASS = YES_ERROR;
				CLANG_WARN_QUOTED_INCLUDE_IN_FRAMEWORK_HEADER = YES;
				CLANG_WARN_RANGE_LOOP_ANALYSIS = YES;
				CLANG_WARN_STRICT_PROTOTYPES = YES;
				CLANG_WARN_SUSPICIOUS_MOVE = YES;
				CLANG_WARN_UNGUARDED_AVAILABILITY = YES_AGGRESSIVE;
				CLANG_WARN_UNREACHABLE_CODE = YES;
				CLANG_WARN__DUPLICATE_METHOD_MATCH = YES;
				COPY_PHASE_STRIP = NO;
				DEBUG_INFORMATION_FORMAT = dwarf;
				DEVELOPMENT_TEAM = WT5PJGD97N;
				ENABLE_STRICT_OBJC_MSGSEND = YES;
				ENABLE_TESTABILITY = YES;
				ENABLE_USER_SCRIPT_SANDBOXING = YES;
				GCC_C_LANGUAGE_STANDARD = gnu17;
				GCC_DYNAMIC_NO_PIC = NO;
				GCC_NO_COMMON_BLOCKS = YES;
				GCC_OPTIMIZATION_LEVEL = 0;
				GCC_PREPROCESSOR_DEFINITIONS = (
					"DEBUG=1",
					"$(inherited)",
				);
				GCC_WARN_64_TO_32_BIT_CONVERSION = YES;
				GCC_WARN_ABOUT_RETURN_TYPE = YES_ERROR;
				GCC_WARN_UNDECLARED_SELECTOR = YES;
				GCC_WARN_UNINITIALIZED_AUTOS = YES_AGGRESSIVE;
				GCC_WARN_UNUSED_FUNCTION = YES;
				GCC_WARN_UNUSED_VARIABLE = YES;
				IPHONEOS_DEPLOYMENT_TARGET = 18.5;
				LOCALIZATION_PREFERS_STRING_CATALOGS = YES;
				MTL_ENABLE_DEBUG_INFO = INCLUDE_SOURCE;
				MTL_FAST_MATH = YES;
				ONLY_ACTIVE_ARCH = YES;
				SDKROOT = iphoneos;
				SWIFT_ACTIVE_COMPILATION_CONDITIONS = "DEBUG $(inherited)";
				SWIFT_OPTIMIZATION_LEVEL = "-Onone";
			};
			name = Debug;
		};
		2CAA5EDE2E376E1800075A04 /* Release */ = {
			isa = XCBuildConfiguration;
			buildSettings = {
				ALWAYS_SEARCH_USER_PATHS = NO;
				ASSETCATALOG_COMPILER_GENERATE_SWIFT_ASSET_SYMBOL_EXTENSIONS = YES;
				CLANG_ANALYZER_NONNULL = YES;
				CLANG_ANALYZER_NUMBER_OBJECT_CONVERSION = YES_AGGRESSIVE;
				CLANG_CXX_LANGUAGE_STANDARD = "gnu++20";
				CLANG_ENABLE_MODULES = YES;
				CLANG_ENABLE_OBJC_ARC = YES;
				CLANG_ENABLE_OBJC_WEAK = YES;
				CLANG_WARN_BLOCK_CAPTURE_AUTORELEASING = YES;
				CLANG_WARN_BOOL_CONVERSION = YES;
				CLANG_WARN_COMMA = YES;
				CLANG_WARN_CONSTANT_CONVERSION = YES;
				CLANG_WARN_DEPRECATED_OBJC_IMPLEMENTATIONS = YES;
				CLANG_WARN_DIRECT_OBJC_ISA_USAGE = YES_ERROR;
				CLANG_WARN_DOCUMENTATION_COMMENTS = YES;
				CLANG_WARN_EMPTY_BODY = YES;
				CLANG_WARN_ENUM_CONVERSION = YES;
				CLANG_WARN_INFINITE_RECURSION = YES;
				CLANG_WARN_INT_CONVERSION = YES;
				CLANG_WARN_NON_LITERAL_NULL_CONVERSION = YES;
				CLANG_WARN_OBJC_IMPLICIT_RETAIN_SELF = YES;
				CLANG_WARN_OBJC_LITERAL_CONVERSION = YES;
				CLANG_WARN_OBJC_ROOT_CLASS = YES_ERROR;
				CLANG_WARN_QUOTED_INCLUDE_IN_FRAMEWORK_HEADER = YES;
				CLANG_WARN_RANGE_LOOP_ANALYSIS = YES;
				CLANG_WARN_STRICT_PROTOTYPES = YES;
				CLANG_WARN_SUSPICIOUS_MOVE = YES;
				CLANG_WARN_UNGUARDED_AVAILABILITY = YES_AGGRESSIVE;
				CLANG_WARN_UNREACHABLE_CODE = YES;
				CLANG_WARN__DUPLICATE_METHOD_MATCH = YES;
				COPY_PHASE_STRIP = NO;
				DEBUG_INFORMATION_FORMAT = "dwarf-with-dsym";
				DEVELOPMENT_TEAM = WT5PJGD97N;
				ENABLE_NS_ASSERTIONS = NO;
				ENABLE_STRICT_OBJC_MSGSEND = YES;
				ENABLE_USER_SCRIPT_SANDBOXING = YES;
				GCC_C_LANGUAGE_STANDARD = gnu17;
				GCC_NO_COMMON_BLOCKS = YES;
				GCC_WARN_64_TO_32_BIT_CONVERSION = YES;
				GCC_WARN_ABOUT_RETURN_TYPE = YES_ERROR;
				GCC_WARN_UNDECLARED_SELECTOR = YES;
				GCC_WARN_UNINITIALIZED_AUTOS = YES_AGGRESSIVE;
				GCC_WARN_UNUSED_FUNCTION = YES;
				GCC_WARN_UNUSED_VARIABLE = YES;
				IPHONEOS_DEPLOYMENT_TARGET = 18.5;
				LOCALIZATION_PREFERS_STRING_CATALOGS = YES;
				MTL_ENABLE_DEBUG_INFO = NO;
				MTL_FAST_MATH = YES;
				SDKROOT = iphoneos;
				SWIFT_COMPILATION_MODE = wholemodule;
				VALIDATE_PRODUCT = YES;
			};
			name = Release;
		};
		2CAA5EE02E376E1800075A04 /* Debug */ = {
			isa = XCBuildConfiguration;
			buildSettings = {
				ASSETCATALOG_COMPILER_APPICON_NAME = AppIcon;
				ASSETCATALOG_COMPILER_GLOBAL_ACCENT_COLOR_NAME = AccentColor;
				CODE_SIGN_STYLE = Automatic;
				CURRENT_PROJECT_VERSION = 1;
				DEVELOPMENT_TEAM = WT5PJGD97N;
				ENABLE_PREVIEWS = YES;
				GENERATE_INFOPLIST_FILE = YES;
				INFOPLIST_KEY_UIApplicationSceneManifest_Generation = YES;
				INFOPLIST_KEY_UIApplicationSupportsIndirectInputEvents = YES;
				INFOPLIST_KEY_UILaunchScreen_Generation = YES;
				INFOPLIST_KEY_UISupportedInterfaceOrientations_iPad = "UIInterfaceOrientationPortrait UIInterfaceOrientationPortraitUpsideDown UIInterfaceOrientationLandscapeLeft UIInterfaceOrientationLandscapeRight";
				INFOPLIST_KEY_UISupportedInterfaceOrientations_iPhone = "UIInterfaceOrientationPortrait UIInterfaceOrientationLandscapeLeft UIInterfaceOrientationLandscapeRight";
				LD_RUNPATH_SEARCH_PATHS = (
					"$(inherited)",
					"@executable_path/Frameworks",
				);
				MARKETING_VERSION = 1.0;
				PRODUCT_BUNDLE_IDENTIFIER = quanganhnguyen2405.QuangAnh2405;
				PRODUCT_NAME = "$(TARGET_NAME)";
				SWIFT_EMIT_LOC_STRINGS = YES;
				SWIFT_VERSION = 5.0;
				TARGETED_DEVICE_FAMILY = "1,2";
			};
			name = Debug;
		};
		2CAA5EE12E376E1800075A04 /* Release */ = {
			isa = XCBuildConfiguration;
			buildSettings = {
				ASSETCATALOG_COMPILER_APPICON_NAME = AppIcon;
				ASSETCATALOG_COMPILER_GLOBAL_ACCENT_COLOR_NAME = AccentColor;
				CODE_SIGN_STYLE = Automatic;
				CURRENT_PROJECT_VERSION = 1;
				DEVELOPMENT_TEAM = WT5PJGD97N;
				ENABLE_PREVIEWS = YES;
				GENERATE_INFOPLIST_FILE = YES;
				INFOPLIST_KEY_UIApplicationSceneManifest_Generation = YES;
				INFOPLIST_KEY_UIApplicationSupportsIndirectInputEvents = YES;
				INFOPLIST_KEY_UILaunchScreen_Generation = YES;
				INFOPLIST_KEY_UISupportedInterfaceOrientations_iPad = "UIInterfaceOrientationPortrait UIInterfaceOrientationPortraitUpsideDown UIInterfaceOrientationLandscapeLeft UIInterfaceOrientationLandscapeRight";
				INFOPLIST_KEY_UISupportedInterfaceOrientations_iPhone = "UIInterfaceOrientationPortrait UIInterfaceOrientationLandscapeLeft UIInterfaceOrientationLandscapeRight";
				LD_RUNPATH_SEARCH_PATHS = (
					"$(inherited)",
					"@executable_path/Frameworks",
				);
				MARKETING_VERSION = 1.0;
				PRODUCT_BUNDLE_IDENTIFIER = quanganhnguyen2405.QuangAnh2405;
				PRODUCT_NAME = "$(TARGET_NAME)";
				SWIFT_EMIT_LOC_STRINGS = YES;
				SWIFT_VERSION = 5.0;
				TARGETED_DEVICE_FAMILY = "1,2";
			};
			name = Release;
		};
/* End XCBuildConfiguration section */

/* Begin XCConfigurationList section */
		2CAA5ECF2E376E1600075A04 /* Build configuration list for PBXProject "QuangAnh2405" */ = {
			isa = XCConfigurationList;
			buildConfigurations = (
				2CAA5EDD2E376E1800075A04 /* Debug */,
				2CAA5EDE2E376E1800075A04 /* Release */,
			);
			defaultConfigurationIsVisible = 0;
			defaultConfigurationName = Release;
		};
		2CAA5EDF2E376E1800075A04 /* Build configuration list for PBXNativeTarget "QuangAnh2405" */ = {
			isa = XCConfigurationList;
			buildConfigurations = (
				2CAA5EE02E376E1800075A04 /* Debug */,
				2CAA5EE12E376E1800075A04 /* Release */,
			);
			defaultConfigurationIsVisible = 0;
			defaultConfigurationName = Release;
		};
/* End XCConfigurationList section */
	};
	rootObject = 2CAA5ECC2E376E1600075A04 /* Project object */;
}
